
Microsoft Visual Studio Solution File, Format Version 12.00
# Visual Studio Version 16
VisualStudioVersion = 16.0.29230.47
MinimumVisualStudioVersion = 10.0.40219.1
Project("{FAE04EC0-301F-11D3-BF4B-00C04F79EFBC}") = "FunPlacesToGo", "FunPlacesToGo.csproj", "{F68F8836-F705-4048-942A-AFD0B90D72D9}"
EndProject
Global
	GlobalSection(SolutionConfigurationPlatforms) = preSolution
		Debug|Any CPU = Debug|Any CPU
		Release|Any CPU = Release|Any CPU
	EndGlobalSection
	GlobalSection(ProjectConfigurationPlatforms) = postSolution
		{F68F8836-F705-4048-942A-AFD0B90D72D9}.Debug|Any CPU.ActiveCfg = Debug|Any CPU
		{F68F8836-F705-4048-942A-AFD0B90D72D9}.Debug|Any CPU.Build.0 = Debug|Any CPU
		{F68F8836-F705-4048-942A-AFD0B90D72D9}.Release|Any CPU.ActiveCfg = Release|Any CPU
		{F68F8836-F705-4048-942A-AFD0B90D72D9}.Release|Any CPU.Build.0 = Release|Any CPU
	EndGlobalSection
	GlobalSection(SolutionProperties) = preSolution
		HideSolutionNode = FALSE
	EndGlobalSection
	GlobalSection(ExtensibilityGlobals) = postSolution
		SolutionGuid = {8BEB3E2B-D05E-4F99-A68A-8502C578FA81}
	EndGlobalSection
EndGlobal
